
Microsoft Visual Studio Solution File, Format Version 11.00
# Visual Studio 2010
Project("{FAE04EC0-301F-11D3-BF4B-00C04F79EFBC}") = "Solyutor.Extex", "Solyutor.Extex\Solyutor.Extex.csproj", "{6454B961-D261-4530-9D20-8222B4682B17}"
EndProject
Project("{FAE04EC0-301F-11D3-BF4B-00C04F79EFBC}") = "Solyutor.Extex.Tests", "Solyutor.Extex.Tests\Solyutor.Extex.Tests.csproj", "{8985BC41-2DA3-4952-9B49-9331933E0D31}"
EndProject
Global
	GlobalSection(SolutionConfigurationPlatforms) = preSolution
		Debug|Any CPU = Debug|Any CPU
		Release|Any CPU = Release|Any CPU
	EndGlobalSection
	GlobalSection(ProjectConfigurationPlatforms) = postSolution
		{6454B961-D261-4530-9D20-8222B4682B17}.Debug|Any CPU.ActiveCfg = Debug|Any CPU
		{6454B961-D261-4530-9D20-8222B4682B17}.Debug|Any CPU.Build.0 = Debug|Any CPU
		{6454B961-D261-4530-9D20-8222B4682B17}.Release|Any CPU.ActiveCfg = Release|Any CPU
		{6454B961-D261-4530-9D20-8222B4682B17}.Release|Any CPU.Build.0 = Release|Any CPU
		{8985BC41-2DA3-4952-9B49-9331933E0D31}.Debug|Any CPU.ActiveCfg = Debug|Any CPU
		{8985BC41-2DA3-4952-9B49-9331933E0D31}.Debug|Any CPU.Build.0 = Debug|Any CPU
		{8985BC41-2DA3-4952-9B49-9331933E0D31}.Release|Any CPU.ActiveCfg = Release|Any CPU
		{8985BC41-2DA3-4952-9B49-9331933E0D31}.Release|Any CPU.Build.0 = Release|Any CPU
	EndGlobalSection
	GlobalSection(SolutionProperties) = preSolution
		HideSolutionNode = FALSE
	EndGlobalSection
EndGlobal
